github.com/pkg/errors v0.9.1 h1:FEBLx1zS214owpjy7qsBeixbURkuhQAwrK5UwLGTwt4=
github.com/pkg/errors v0.9.1/go.mod h1:bwawxfHBFNV+L2hUp1rHADufV3IMtnDRdf1r5NINEl0=
github.com/tysontate/gommap v0.0.0-20131202084435-e87a6e482c2c h1:TsrnIwyIZbPxVRyG58Tbyb46v5Nx/3DPlKjST9dBo6E=
github.com/tysontate/gommap v0.0.0-20131202084435-e87a6e482c2c/go.mod h1:D/qzp3BypYxGri+RgzDSv3Fml0qkzA85BPPwrNNYbSs=
launchpad.net/gocheck v0.0.0-20140225173054-000000000087 h1:Izowp2XBH6Ya6rv+hqbceQyw/gSGoXfH/UPoTGduL54=
launchpad.net/gocheck v0.0.0-20140225173054-000000000087/go.mod h1:hj7XX3B/0A+80Vse0e+BUHsHMTEhd0O4cpUHr/e/BUM=
